{
  "name": "Code",
  "lockfileVersion": 2,
  "requires": true,
  "packages": {
    "": {
      "dependencies": {
        "cbor": "^8.0.0"
      }
    },
    "node_modules/cbor": {
      "version": "8.0.0",
      "resolved": "https://registry.npmjs.org/cbor/-/cbor-8.0.0.tgz",
      "integrity": "sha512-nMmaLWbj7+bC6MsApKRIig8h+yjgNLhPLXaCelq5+C7mpWsHgIcseZSdvgexSY5uE1Q3m2uPvIDZwSdxdo7qig==",
      "dependencies": {
        "nofilter": "^3.0.2"
      },
      "engines": {
        "node": ">=12.19"
      }
    },
    "node_modules/nofilter": {
      "version": "3.0.3",
      "resolved": "https://registry.npmjs.org/nofilter/-/nofilter-3.0.3.tgz",
      "integrity": "sha512-TN/MCrQmXQk5DyUJ8TGUq1Il8rv4fTsjddLmMopV006QP8DMkglmGgYfQKD5620vXLRXfr8iGI6ZZ4/ZWld2cQ==",
      "engines": {
        "node": ">=12.19"
      }
    }
  },
  "dependencies": {
    "cbor": {
      "version": "8.0.0",
      "resolved": "https://registry.npmjs.org/cbor/-/cbor-8.0.0.tgz",
      "integrity": "sha512-nMmaLWbj7+bC6MsApKRIig8h+yjgNLhPLXaCelq5+C7mpWsHgIcseZSdvgexSY5uE1Q3m2uPvIDZwSdxdo7qig==",
      "requires": {
        "nofilter": "^3.0.2"
      }
    },
    "nofilter": {
      "version": "3.0.3",
      "resolved": "https://registry.npmjs.org/nofilter/-/nofilter-3.0.3.tgz",
      "integrity": "sha512-TN/MCrQmXQk5DyUJ8TGUq1Il8rv4fTsjddLmMopV006QP8DMkglmGgYfQKD5620vXLRXfr8iGI6ZZ4/ZWld2cQ=="
    }
  }
}
